
Microsoft Visual Studio Solution File, Format Version 12.00
# Visual Studio Version 16
VisualStudioVersion = 16.0.31424.327
MinimumVisualStudioVersion = 10.0.40219.1
Project("{9A19103F-16F7-4668-BE54-9A1E7A4F7556}") = "auto-pilot.app", "auto-pilot.app\auto-pilot.app.csproj", "{CBE7B997-73BB-4D0E-8DEF-EEB6F0EAC2D8}"
EndProject
Project("{9A19103F-16F7-4668-BE54-9A1E7A4F7556}") = "auto-pilot.utilities", "auto-pilot.utilities\auto-pilot.utilities.csproj", "{14F83010-7154-4208-856A-23449F5AA706}"
EndProject
Project("{FAE04EC0-301F-11D3-BF4B-00C04F79EFBC}") = "auto-pilot.services", "auto-pilot.services\auto-pilot.services.csproj", "{7E22B9CA-75BD-4884-AFFD-4787C77D430B}"
EndProject
Project("{FAE04EC0-301F-11D3-BF4B-00C04F79EFBC}") = "auto-pilot.models", "auto-pilot.models\auto-pilot.models.csproj", "{6402F7C4-7F3E-48FD-9B3C-FB62C76C3431}"
EndProject
Global
	GlobalSection(SolutionConfigurationPlatforms) = preSolution
		Debug|Any CPU = Debug|Any CPU
		Release|Any CPU = Release|Any CPU
	EndGlobalSection
	GlobalSection(ProjectConfigurationPlatforms) = postSolution
		{CBE7B997-73BB-4D0E-8DEF-EEB6F0EAC2D8}.Debug|Any CPU.ActiveCfg = Debug|Any CPU
		{CBE7B997-73BB-4D0E-8DEF-EEB6F0EAC2D8}.Debug|Any CPU.Build.0 = Debug|Any CPU
		{CBE7B997-73BB-4D0E-8DEF-EEB6F0EAC2D8}.Release|Any CPU.ActiveCfg = Release|Any CPU
		{CBE7B997-73BB-4D0E-8DEF-EEB6F0EAC2D8}.Release|Any CPU.Build.0 = Release|Any CPU
		{14F83010-7154-4208-856A-23449F5AA706}.Debug|Any CPU.ActiveCfg = Debug|Any CPU
		{14F83010-7154-4208-856A-23449F5AA706}.Debug|Any CPU.Build.0 = Debug|Any CPU
		{14F83010-7154-4208-856A-23449F5AA706}.Release|Any CPU.ActiveCfg = Release|Any CPU
		{14F83010-7154-4208-856A-23449F5AA706}.Release|Any CPU.Build.0 = Release|Any CPU
		{7E22B9CA-75BD-4884-AFFD-4787C77D430B}.Debug|Any CPU.ActiveCfg = Debug|Any CPU
		{7E22B9CA-75BD-4884-AFFD-4787C77D430B}.Debug|Any CPU.Build.0 = Debug|Any CPU
		{7E22B9CA-75BD-4884-AFFD-4787C77D430B}.Release|Any CPU.ActiveCfg = Release|Any CPU
		{7E22B9CA-75BD-4884-AFFD-4787C77D430B}.Release|Any CPU.Build.0 = Release|Any CPU
		{6402F7C4-7F3E-48FD-9B3C-FB62C76C3431}.Debug|Any CPU.ActiveCfg = Debug|Any CPU
		{6402F7C4-7F3E-48FD-9B3C-FB62C76C3431}.Debug|Any CPU.Build.0 = Debug|Any CPU
		{6402F7C4-7F3E-48FD-9B3C-FB62C76C3431}.Release|Any CPU.ActiveCfg = Release|Any CPU
		{6402F7C4-7F3E-48FD-9B3C-FB62C76C3431}.Release|Any CPU.Build.0 = Release|Any CPU
	EndGlobalSection
	GlobalSection(SolutionProperties) = preSolution
		HideSolutionNode = FALSE
	EndGlobalSection
	GlobalSection(ExtensibilityGlobals) = postSolution
		SolutionGuid = {DE323F9C-3D78-46AB-9903-E2A6F3AE0661}
	EndGlobalSection
EndGlobal
